// !$*UTF8*$!
{
	archiveVersion = 1;
	classes = {
	};
	objectVersion = 55;
	objects = {

/* Begin PBXBuildFile section */
		082C864427EBE853009B0A4A /* AppDelegate.swift in Sources */ = {isa = PBXBuildFile; fileRef = 082C864327EBE853009B0A4A /* AppDelegate.swift */; };
		082C864627EBE853009B0A4A /* SceneDelegate.swift in Sources */ = {isa = PBXBuildFile; fileRef = 082C864527EBE853009B0A4A /* SceneDelegate.swift */; };
		082C864D27EBE854009B0A4A /* Assets.xcassets in Resources */ = {isa = PBXBuildFile; fileRef = 082C864C27EBE854009B0A4A /* Assets.xcassets */; };
		082C865027EBE854009B0A4A /* LaunchScreen.storyboard in Resources */ = {isa = PBXBuildFile; fileRef = 082C864E27EBE854009B0A4A /* LaunchScreen.storyboard */; };
		082C865827EBED2F009B0A4A /* SearchViewController.swift in Sources */ = {isa = PBXBuildFile; fileRef = 082C865727EBED2F009B0A4A /* SearchViewController.swift */; };
		082C865A27EBED73009B0A4A /* FavoriteListViewController.swift in Sources */ = {isa = PBXBuildFile; fileRef = 082C865927EBED73009B0A4A /* FavoriteListViewController.swift */; };
		082C865C27EC0515009B0A4A /* GFButton.swift in Sources */ = {isa = PBXBuildFile; fileRef = 082C865B27EC0515009B0A4A /* GFButton.swift */; };
		082C865E27EC07C4009B0A4A /* GFTextField.swift in Sources */ = {isa = PBXBuildFile; fileRef = 082C865D27EC07C4009B0A4A /* GFTextField.swift */; };
		082C866027ED1F3B009B0A4A /* FollowerListViewController.swift in Sources */ = {isa = PBXBuildFile; fileRef = 082C865F27ED1F3B009B0A4A /* FollowerListViewController.swift */; };
		082C866227ED24A3009B0A4A /* GFTitleLabel.swift in Sources */ = {isa = PBXBuildFile; fileRef = 082C866127ED24A3009B0A4A /* GFTitleLabel.swift */; };
		082C866427ED25EE009B0A4A /* GFBodyLabel.swift in Sources */ = {isa = PBXBuildFile; fileRef = 082C866327ED25EE009B0A4A /* GFBodyLabel.swift */; };
		082C866627ED29A4009B0A4A /* GFAlertViewController.swift in Sources */ = {isa = PBXBuildFile; fileRef = 082C866527ED29A4009B0A4A /* GFAlertViewController.swift */; };
		082C866827ED3858009B0A4A /* GFContainerView.swift in Sources */ = {isa = PBXBuildFile; fileRef = 082C866727ED3857009B0A4A /* GFContainerView.swift */; };
		082C866A27ED3C62009B0A4A /* UIViewController+Extensions.swift in Sources */ = {isa = PBXBuildFile; fileRef = 082C866927ED3C62009B0A4A /* UIViewController+Extensions.swift */; };
		082C867327ED433C009B0A4A /* Follower.swift in Sources */ = {isa = PBXBuildFile; fileRef = 082C867227ED433C009B0A4A /* Follower.swift */; };
		082C867527ED43F8009B0A4A /* User.swift in Sources */ = {isa = PBXBuildFile; fileRef = 082C867427ED43F8009B0A4A /* User.swift */; };
		082C867827ED48B7009B0A4A /* NetworkManager.swift in Sources */ = {isa = PBXBuildFile; fileRef = 082C867727ED48B7009B0A4A /* NetworkManager.swift */; };
		082C867B27ED5173009B0A4A /* ErrorMessage.swift in Sources */ = {isa = PBXBuildFile; fileRef = 082C867A27ED5173009B0A4A /* ErrorMessage.swift */; };
		082C867E27ED5B9E009B0A4A /* FollowerCell.swift in Sources */ = {isa = PBXBuildFile; fileRef = 082C867D27ED5B9E009B0A4A /* FollowerCell.swift */; };
		082C868027ED5C0B009B0A4A /* GFAvatarImageView.swift in Sources */ = {isa = PBXBuildFile; fileRef = 082C867F27ED5C0B009B0A4A /* GFAvatarImageView.swift */; };
		082C868427EE3CE0009B0A4A /* UIHelper.swift in Sources */ = {isa = PBXBuildFile; fileRef = 082C868327EE3CE0009B0A4A /* UIHelper.swift */; };
		082C868827EE7B9B009B0A4A /* GFEmptyStateView.swift in Sources */ = {isa = PBXBuildFile; fileRef = 082C868727EE7B9B009B0A4A /* GFEmptyStateView.swift */; };
/* End PBXBuildFile section */

/* Begin PBXFileReference section */
		082C864027EBE853009B0A4A /* GHFollowers.app */ = {isa = PBXFileReference; explicitFileType = wrapper.application; includeInIndex = 0; path = GHFollowers.app; sourceTree = BUILT_PRODUCTS_DIR; };
		082C864327EBE853009B0A4A /* AppDelegate.swift */ = {isa = PBXFileReference; lastKnownFileType = sourcecode.swift; path = AppDelegate.swift; sourceTree = "<group>"; };
		082C864527EBE853009B0A4A /* SceneDelegate.swift */ = {isa = PBXFileReference; lastKnownFileType = sourcecode.swift; path = SceneDelegate.swift; sourceTree = "<group>"; };
		082C864C27EBE854009B0A4A /* Assets.xcassets */ = {isa = PBXFileReference; lastKnownFileType = folder.assetcatalog; path = Assets.xcassets; sourceTree = "<group>"; };
		082C864F27EBE854009B0A4A /* Base */ = {isa = PBXFileReference; lastKnownFileType = file.storyboard; name = Base; path = Base.lproj/LaunchScreen.storyboard; sourceTree = "<group>"; };
		082C865127EBE854009B0A4A /* Info.plist */ = {isa = PBXFileReference; lastKnownFileType = text.plist.xml; path = Info.plist; sourceTree = "<group>"; };
		082C865727EBED2F009B0A4A /* SearchViewController.swift */ = {isa = PBXFileReference; lastKnownFileType = sourcecode.swift; path = SearchViewController.swift; sourceTree = "<group>"; };
		082C865927EBED73009B0A4A /* FavoriteListViewController.swift */ = {isa = PBXFileReference; lastKnownFileType = sourcecode.swift; path = FavoriteListViewController.swift; sourceTree = "<group>"; };
		082C865B27EC0515009B0A4A /* GFButton.swift */ = {isa = PBXFileReference; lastKnownFileType = sourcecode.swift; path = GFButton.swift; sourceTree = "<group>"; };
		082C865D27EC07C4009B0A4A /* GFTextField.swift */ = {isa = PBXFileReference; lastKnownFileType = sourcecode.swift; path = GFTextField.swift; sourceTree = "<group>"; };
		082C865F27ED1F3B009B0A4A /* FollowerListViewController.swift */ = {isa = PBXFileReference; lastKnownFileType = sourcecode.swift; path = FollowerListViewController.swift; sourceTree = "<group>"; };
		082C866127ED24A3009B0A4A /* GFTitleLabel.swift */ = {isa = PBXFileReference; lastKnownFileType = sourcecode.swift; path = GFTitleLabel.swift; sourceTree = "<group>"; };
		082C866327ED25EE009B0A4A /* GFBodyLabel.swift */ = {isa = PBXFileReference; lastKnownFileType = sourcecode.swift; path = GFBodyLabel.swift; sourceTree = "<group>"; };
		082C866527ED29A4009B0A4A /* GFAlertViewController.swift */ = {isa = PBXFileReference; lastKnownFileType = sourcecode.swift; path = GFAlertViewController.swift; sourceTree = "<group>"; };
		082C866727ED3857009B0A4A /* GFContainerView.swift */ = {isa = PBXFileReference; lastKnownFileType = sourcecode.swift; path = GFContainerView.swift; sourceTree = "<group>"; };
		082C866927ED3C62009B0A4A /* UIViewController+Extensions.swift */ = {isa = PBXFileReference; lastKnownFileType = sourcecode.swift; path = "UIViewController+Extensions.swift"; sourceTree = "<group>"; };
		082C867227ED433C009B0A4A /* Follower.swift */ = {isa = PBXFileReference; lastKnownFileType = sourcecode.swift; path = Follower.swift; sourceTree = "<group>"; };
		082C867427ED43F8009B0A4A /* User.swift */ = {isa = PBXFileReference; lastKnownFileType = sourcecode.swift; path = User.swift; sourceTree = "<group>"; };
		082C867727ED48B7009B0A4A /* NetworkManager.swift */ = {isa = PBXFileReference; lastKnownFileType = sourcecode.swift; path = NetworkManager.swift; sourceTree = "<group>"; };
		082C867A27ED5173009B0A4A /* ErrorMessage.swift */ = {isa = PBXFileReference; lastKnownFileType = sourcecode.swift; path = ErrorMessage.swift; sourceTree = "<group>"; };
		082C867D27ED5B9E009B0A4A /* FollowerCell.swift */ = {isa = PBXFileReference; lastKnownFileType = sourcecode.swift; path = FollowerCell.swift; sourceTree = "<group>"; };
		082C867F27ED5C0B009B0A4A /* GFAvatarImageView.swift */ = {isa = PBXFileReference; lastKnownFileType = sourcecode.swift; path = GFAvatarImageView.swift; sourceTree = "<group>"; };
		082C868327EE3CE0009B0A4A /* UIHelper.swift */ = {isa = PBXFileReference; lastKnownFileType = sourcecode.swift; path = UIHelper.swift; sourceTree = "<group>"; };
		082C868727EE7B9B009B0A4A /* GFEmptyStateView.swift */ = {isa = PBXFileReference; lastKnownFileType = sourcecode.swift; path = GFEmptyStateView.swift; sourceTree = "<group>"; };
/* End PBXFileReference section */

/* Begin PBXFrameworksBuildPhase section */
		082C863D27EBE853009B0A4A /* Frameworks */ = {
			isa = PBXFrameworksBuildPhase;
			buildActionMask = 2147483647;
			files = (
			);
			runOnlyForDeploymentPostprocessing = 0;
		};
/* End PBXFrameworksBuildPhase section */

/* Begin PBXGroup section */
		082C863727EBE853009B0A4A = {
			isa = PBXGroup;
			children = (
				082C864227EBE853009B0A4A /* GHFollowers */,
				082C864127EBE853009B0A4A /* Products */,
			);
			sourceTree = "<group>";
		};
		082C864127EBE853009B0A4A /* Products */ = {
			isa = PBXGroup;
			children = (
				082C864027EBE853009B0A4A /* GHFollowers.app */,
			);
			name = Products;
			sourceTree = "<group>";
		};
		082C864227EBE853009B0A4A /* GHFollowers */ = {
			isa = PBXGroup;
			children = (
				082C867927ED516C009B0A4A /* Utilities */,
				082C867627ED48A0009B0A4A /* Managers */,
				082C867127ED432F009B0A4A /* Model */,
				082C867027ED3EE3009B0A4A /* Support */,
				082C866F27ED3EAB009B0A4A /* Extensions */,
				082C866C27ED3E83009B0A4A /* Custom Views */,
				082C866B27ED3E4D009B0A4A /* View Controllers */,
				082C864C27EBE854009B0A4A /* Assets.xcassets */,
				082C864E27EBE854009B0A4A /* LaunchScreen.storyboard */,
				082C865127EBE854009B0A4A /* Info.plist */,
			);
			path = GHFollowers;
			sourceTree = "<group>";
		};
		082C866B27ED3E4D009B0A4A /* View Controllers */ = {
			isa = PBXGroup;
			children = (
				082C865927EBED73009B0A4A /* FavoriteListViewController.swift */,
				082C865F27ED1F3B009B0A4A /* FollowerListViewController.swift */,
				082C865727EBED2F009B0A4A /* SearchViewController.swift */,
			);
			path = "View Controllers";
			sourceTree = "<group>";
		};
		082C866C27ED3E83009B0A4A /* Custom Views */ = {
			isa = PBXGroup;
			children = (
				082C868C27EE7BDB009B0A4A /* Buttons */,
				082C868B27EE7BD4009B0A4A /* Labels */,
				082C868A27EE7BC6009B0A4A /* TextFields */,
				082C868927EE7BB2009B0A4A /* Views */,
				082C867C27ED5B57009B0A4A /* Cells */,
			);
			path = "Custom Views";
			sourceTree = "<group>";
		};
		082C866F27ED3EAB009B0A4A /* Extensions */ = {
			isa = PBXGroup;
			children = (
				082C866927ED3C62009B0A4A /* UIViewController+Extensions.swift */,
			);
			path = Extensions;
			sourceTree = "<group>";
		};
		082C867027ED3EE3009B0A4A /* Support */ = {
			isa = PBXGroup;
			children = (
				082C864327EBE853009B0A4A /* AppDelegate.swift */,
				082C864527EBE853009B0A4A /* SceneDelegate.swift */,
			);
			path = Support;
			sourceTree = "<group>";
		};
		082C867127ED432F009B0A4A /* Model */ = {
			isa = PBXGroup;
			children = (
				082C867227ED433C009B0A4A /* Follower.swift */,
				082C867427ED43F8009B0A4A /* User.swift */,
			);
			path = Model;
			sourceTree = "<group>";
		};
		082C867627ED48A0009B0A4A /* Managers */ = {
			isa = PBXGroup;
			children = (
				082C867727ED48B7009B0A4A /* NetworkManager.swift */,
			);
			path = Managers;
			sourceTree = "<group>";
		};
		082C867927ED516C009B0A4A /* Utilities */ = {
			isa = PBXGroup;
			children = (
				082C867A27ED5173009B0A4A /* ErrorMessage.swift */,
				082C868327EE3CE0009B0A4A /* UIHelper.swift */,
			);
			path = Utilities;
			sourceTree = "<group>";
		};
		082C867C27ED5B57009B0A4A /* Cells */ = {
			isa = PBXGroup;
			children = (
				082C867D27ED5B9E009B0A4A /* FollowerCell.swift */,
			);
			path = Cells;
			sourceTree = "<group>";
		};
		082C868927EE7BB2009B0A4A /* Views */ = {
			isa = PBXGroup;
			children = (
				082C867F27ED5C0B009B0A4A /* GFAvatarImageView.swift */,
				082C866527ED29A4009B0A4A /* GFAlertViewController.swift */,
				082C868727EE7B9B009B0A4A /* GFEmptyStateView.swift */,
				082C866727ED3857009B0A4A /* GFContainerView.swift */,
			);
			path = Views;
			sourceTree = "<group>";
		};
		082C868A27EE7BC6009B0A4A /* TextFields */ = {
			isa = PBXGroup;
			children = (
				082C865D27EC07C4009B0A4A /* GFTextField.swift */,
			);
			path = TextFields;
			sourceTree = "<group>";
		};
		082C868B27EE7BD4009B0A4A /* Labels */ = {
			isa = PBXGroup;
			children = (
				082C866327ED25EE009B0A4A /* GFBodyLabel.swift */,
				082C866127ED24A3009B0A4A /* GFTitleLabel.swift */,
			);
			path = Labels;
			sourceTree = "<group>";
		};
		082C868C27EE7BDB009B0A4A /* Buttons */ = {
			isa = PBXGroup;
			children = (
				082C865B27EC0515009B0A4A /* GFButton.swift */,
			);
			path = Buttons;
			sourceTree = "<group>";
		};
/* End PBXGroup section */

/* Begin PBXNativeTarget section */
		082C863F27EBE853009B0A4A /* GHFollowers */ = {
			isa = PBXNativeTarget;
			buildConfigurationList = 082C865427EBE854009B0A4A /* Build configuration list for PBXNativeTarget "GHFollowers" */;
			buildPhases = (
				082C863C27EBE853009B0A4A /* Sources */,
				082C863D27EBE853009B0A4A /* Frameworks */,
				082C863E27EBE853009B0A4A /* Resources */,
			);
			buildRules = (
			);
			dependencies = (
			);
			name = GHFollowers;
			productName = GHFollowers;
			productReference = 082C864027EBE853009B0A4A /* GHFollowers.app */;
			productType = "com.apple.product-type.application";
		};
/* End PBXNativeTarget section */

/* Begin PBXProject section */
		082C863827EBE853009B0A4A /* Project object */ = {
			isa = PBXProject;
			attributes = {
				BuildIndependentTargetsInParallel = 1;
				LastSwiftUpdateCheck = 1320;
				LastUpgradeCheck = 1320;
				TargetAttributes = {
					082C863F27EBE853009B0A4A = {
						CreatedOnToolsVersion = 13.2.1;
					};
				};
			};
			buildConfigurationList = 082C863B27EBE853009B0A4A /* Build configuration list for PBXProject "GHFollowers" */;
			compatibilityVersion = "Xcode 13.0";
			developmentRegion = en;
			hasScannedForEncodings = 0;
			knownRegions = (
				en,
				Base,
			);
			mainGroup = 082C863727EBE853009B0A4A;
			productRefGroup = 082C864127EBE853009B0A4A /* Products */;
			projectDirPath = "";
			projectRoot = "";
			targets = (
				082C863F27EBE853009B0A4A /* GHFollowers */,
			);
		};
/* End PBXProject section */

/* Begin PBXResourcesBuildPhase section */
		082C863E27EBE853009B0A4A /* Resources */ = {
			isa = PBXResourcesBuildPhase;
			buildActionMask = 2147483647;
			files = (
				082C865027EBE854009B0A4A /* LaunchScreen.storyboard in Resources */,
				082C864D27EBE854009B0A4A /* Assets.xcassets in Resources */,
			);
			runOnlyForDeploymentPostprocessing = 0;
		};
/* End PBXResourcesBuildPhase section */

/* Begin PBXSourcesBuildPhase section */
		082C863C27EBE853009B0A4A /* Sources */ = {
			isa = PBXSourcesBuildPhase;
			buildActionMask = 2147483647;
			files = (
				082C866627ED29A4009B0A4A /* GFAlertViewController.swift in Sources */,
				082C865E27EC07C4009B0A4A /* GFTextField.swift in Sources */,
				082C865827EBED2F009B0A4A /* SearchViewController.swift in Sources */,
				082C865C27EC0515009B0A4A /* GFButton.swift in Sources */,
				082C866A27ED3C62009B0A4A /* UIViewController+Extensions.swift in Sources */,
				082C866027ED1F3B009B0A4A /* FollowerListViewController.swift in Sources */,
				082C868827EE7B9B009B0A4A /* GFEmptyStateView.swift in Sources */,
				082C867527ED43F8009B0A4A /* User.swift in Sources */,
				082C867E27ED5B9E009B0A4A /* FollowerCell.swift in Sources */,
				082C868027ED5C0B009B0A4A /* GFAvatarImageView.swift in Sources */,
				082C866427ED25EE009B0A4A /* GFBodyLabel.swift in Sources */,
				082C867327ED433C009B0A4A /* Follower.swift in Sources */,
				082C866227ED24A3009B0A4A /* GFTitleLabel.swift in Sources */,
				082C866827ED3858009B0A4A /* GFContainerView.swift in Sources */,
				082C864427EBE853009B0A4A /* AppDelegate.swift in Sources */,
				082C867B27ED5173009B0A4A /* ErrorMessage.swift in Sources */,
				082C868427EE3CE0009B0A4A /* UIHelper.swift in Sources */,
				082C867827ED48B7009B0A4A /* NetworkManager.swift in Sources */,
				082C865A27EBED73009B0A4A /* FavoriteListViewController.swift in Sources */,
				082C864627EBE853009B0A4A /* SceneDelegate.swift in Sources */,
			);
			runOnlyForDeploymentPostprocessing = 0;
		};
/* End PBXSourcesBuildPhase section */

/* Begin PBXVariantGroup section */
		082C864E27EBE854009B0A4A /* LaunchScreen.storyboard */ = {
			isa = PBXVariantGroup;
			children = (
				082C864F27EBE854009B0A4A /* Base */,
			);
			name = LaunchScreen.storyboard;
			sourceTree = "<group>";
		};
/* End PBXVariantGroup section */

/* Begin XCBuildConfiguration section */
		082C865227EBE854009B0A4A /* Debug */ = {
			isa = XCBuildConfiguration;
			buildSettings = {
				ALWAYS_SEARCH_USER_PATHS = NO;
				CLANG_ANALYZER_NONNULL = YES;
				CLANG_ANALYZER_NUMBER_OBJECT_CONVERSION = YES_AGGRESSIVE;
				CLANG_CXX_LANGUAGE_STANDARD = "gnu++17";
				CLANG_CXX_LIBRARY = "libc++";
				CLANG_ENABLE_MODULES = YES;
				CLANG_ENABLE_OBJC_ARC = YES;
				CLANG_ENABLE_OBJC_WEAK = YES;
				CLANG_WARN_BLOCK_CAPTURE_AUTORELEASING = YES;
				CLANG_WARN_BOOL_CONVERSION = YES;
				CLANG_WARN_COMMA = YES;
				CLANG_WARN_CONSTANT_CONVERSION = YES;
				CLANG_WARN_DEPRECATED_OBJC_IMPLEMENTATIONS = YES;
				CLANG_WARN_DIRECT_OBJC_ISA_USAGE = YES_ERROR;
				CLANG_WARN_DOCUMENTATION_COMMENTS = YES;
				CLANG_WARN_EMPTY_BODY = YES;
				CLANG_WARN_ENUM_CONVERSION = YES;
				CLANG_WARN_INFINITE_RECURSION = YES;
				CLANG_WARN_INT_CONVERSION = YES;
				CLANG_WARN_NON_LITERAL_NULL_CONVERSION = YES;
				CLANG_WARN_OBJC_IMPLICIT_RETAIN_SELF = YES;
				CLANG_WARN_OBJC_LITERAL_CONVERSION = YES;
				CLANG_WARN_OBJC_ROOT_CLASS = YES_ERROR;
				CLANG_WARN_QUOTED_INCLUDE_IN_FRAMEWORK_HEADER = YES;
				CLANG_WARN_RANGE_LOOP_ANALYSIS = YES;
				CLANG_WARN_STRICT_PROTOTYPES = YES;
				CLANG_WARN_SUSPICIOUS_MOVE = YES;
				CLANG_WARN_UNGUARDED_AVAILABILITY = YES_AGGRESSIVE;
				CLANG_WARN_UNREACHABLE_CODE = YES;
				CLANG_WARN__DUPLICATE_METHOD_MATCH = YES;
				COPY_PHASE_STRIP = NO;
				DEBUG_INFORMATION_FORMAT = dwarf;
				ENABLE_STRICT_OBJC_MSGSEND = YES;
				ENABLE_TESTABILITY = YES;
				GCC_C_LANGUAGE_STANDARD = gnu11;
				GCC_DYNAMIC_NO_PIC = NO;
				GCC_NO_COMMON_BLOCKS = YES;
				GCC_OPTIMIZATION_LEVEL = 0;
				GCC_PREPROCESSOR_DEFINITIONS = (
					"DEBUG=1",
					"$(inherited)",
				);
				GCC_WARN_64_TO_32_BIT_CONVERSION = YES;
				GCC_WARN_ABOUT_RETURN_TYPE = YES_ERROR;
				GCC_WARN_UNDECLARED_SELECTOR = YES;
				GCC_WARN_UNINITIALIZED_AUTOS = YES_AGGRESSIVE;
				GCC_WARN_UNUSED_FUNCTION = YES;
				GCC_WARN_UNUSED_VARIABLE = YES;
				IPHONEOS_DEPLOYMENT_TARGET = 15.2;
				MTL_ENABLE_DEBUG_INFO = INCLUDE_SOURCE;
				MTL_FAST_MATH = YES;
				ONLY_ACTIVE_ARCH = YES;
				SDKROOT = iphoneos;
				SWIFT_ACTIVE_COMPILATION_CONDITIONS = DEBUG;
				SWIFT_OPTIMIZATION_LEVEL = "-Onone";
			};
			name = Debug;
		};
		082C865327EBE854009B0A4A /* Release */ = {
			isa = XCBuildConfiguration;
			buildSettings = {
				ALWAYS_SEARCH_USER_PATHS = NO;
				CLANG_ANALYZER_NONNULL = YES;
				CLANG_ANALYZER_NUMBER_OBJECT_CONVERSION = YES_AGGRESSIVE;
				CLANG_CXX_LANGUAGE_STANDARD = "gnu++17";
				CLANG_CXX_LIBRARY = "libc++";
				CLANG_ENABLE_MODULES = YES;
				CLANG_ENABLE_OBJC_ARC = YES;
				CLANG_ENABLE_OBJC_WEAK = YES;
				CLANG_WARN_BLOCK_CAPTURE_AUTORELEASING = YES;
				CLANG_WARN_BOOL_CONVERSION = YES;
				CLANG_WARN_COMMA = YES;
				CLANG_WARN_CONSTANT_CONVERSION = YES;
				CLANG_WARN_DEPRECATED_OBJC_IMPLEMENTATIONS = YES;
				CLANG_WARN_DIRECT_OBJC_ISA_USAGE = YES_ERROR;
				CLANG_WARN_DOCUMENTATION_COMMENTS = YES;
				CLANG_WARN_EMPTY_BODY = YES;
				CLANG_WARN_ENUM_CONVERSION = YES;
				CLANG_WARN_INFINITE_RECURSION = YES;
				CLANG_WARN_INT_CONVERSION = YES;
				CLANG_WARN_NON_LITERAL_NULL_CONVERSION = YES;
				CLANG_WARN_OBJC_IMPLICIT_RETAIN_SELF = YES;
				CLANG_WARN_OBJC_LITERAL_CONVERSION = YES;
				CLANG_WARN_OBJC_ROOT_CLASS = YES_ERROR;
				CLANG_WARN_QUOTED_INCLUDE_IN_FRAMEWORK_HEADER = YES;
				CLANG_WARN_RANGE_LOOP_ANALYSIS = YES;
				CLANG_WARN_STRICT_PROTOTYPES = YES;
				CLANG_WARN_SUSPICIOUS_MOVE = YES;
				CLANG_WARN_UNGUARDED_AVAILABILITY = YES_AGGRESSIVE;
				CLANG_WARN_UNREACHABLE_CODE = YES;
				CLANG_WARN__DUPLICATE_METHOD_MATCH = YES;
				COPY_PHASE_STRIP = NO;
				DEBUG_INFORMATION_FORMAT = "dwarf-with-dsym";
				ENABLE_NS_ASSERTIONS = NO;
				ENABLE_STRICT_OBJC_MSGSEND = YES;
				GCC_C_LANGUAGE_STANDARD = gnu11;
				GCC_NO_COMMON_BLOCKS = YES;
				GCC_WARN_64_TO_32_BIT_CONVERSION = YES;
				GCC_WARN_ABOUT_RETURN_TYPE = YES_ERROR;
				GCC_WARN_UNDECLARED_SELECTOR = YES;
				GCC_WARN_UNINITIALIZED_AUTOS = YES_AGGRESSIVE;
				GCC_WARN_UNUSED_FUNCTION = YES;
				GCC_WARN_UNUSED_VARIABLE = YES;
				IPHONEOS_DEPLOYMENT_TARGET = 15.2;
				MTL_ENABLE_DEBUG_INFO = NO;
				MTL_FAST_MATH = YES;
				SDKROOT = iphoneos;
				SWIFT_COMPILATION_MODE = wholemodule;
				SWIFT_OPTIMIZATION_LEVEL = "-O";
				VALIDATE_PRODUCT = YES;
			};
			name = Release;
		};
		082C865527EBE854009B0A4A /* Debug */ = {
			isa = XCBuildConfiguration;
			buildSettings = {
				ASSETCATALOG_COMPILER_APPICON_NAME = AppIcon;
				ASSETCATALOG_COMPILER_GLOBAL_ACCENT_COLOR_NAME = AccentColor;
				CODE_SIGN_STYLE = Automatic;
				CURRENT_PROJECT_VERSION = 1;
				GENERATE_INFOPLIST_FILE = YES;
				INFOPLIST_FILE = GHFollowers/Info.plist;
				INFOPLIST_KEY_UIApplicationSupportsIndirectInputEvents = YES;
				INFOPLIST_KEY_UILaunchStoryboardName = LaunchScreen;
				INFOPLIST_KEY_UISupportedInterfaceOrientations = UIInterfaceOrientationPortrait;
				INFOPLIST_KEY_UISupportedInterfaceOrientations_iPad = "UIInterfaceOrientationPortrait UIInterfaceOrientationPortraitUpsideDown UIInterfaceOrientationLandscapeLeft UIInterfaceOrientationLandscapeRight";
				INFOPLIST_KEY_UISupportedInterfaceOrientations_iPhone = "UIInterfaceOrientationPortrait UIInterfaceOrientationLandscapeLeft UIInterfaceOrientationLandscapeRight";
				LD_RUNPATH_SEARCH_PATHS = (
					"$(inherited)",
					"@executable_path/Frameworks",
				);
				MARKETING_VERSION = 1.0;
				PRODUCT_BUNDLE_IDENTIFIER = npappas.GHFollowers;
				PRODUCT_NAME = "$(TARGET_NAME)";
				SWIFT_EMIT_LOC_STRINGS = YES;
				SWIFT_VERSION = 5.0;
				TARGETED_DEVICE_FAMILY = 1;
			};
			name = Debug;
		};
		082C865627EBE854009B0A4A /* Release */ = {
			isa = XCBuildConfiguration;
			buildSettings = {
				ASSETCATALOG_COMPILER_APPICON_NAME = AppIcon;
				ASSETCATALOG_COMPILER_GLOBAL_ACCENT_COLOR_NAME = AccentColor;
				CODE_SIGN_STYLE = Automatic;
				CURRENT_PROJECT_VERSION = 1;
				GENERATE_INFOPLIST_FILE = YES;
				INFOPLIST_FILE = GHFollowers/Info.plist;
				INFOPLIST_KEY_UIApplicationSupportsIndirectInputEvents = YES;
				INFOPLIST_KEY_UILaunchStoryboardName = LaunchScreen;
				INFOPLIST_KEY_UISupportedInterfaceOrientations = UIInterfaceOrientationPortrait;
				INFOPLIST_KEY_UISupportedInterfaceOrientations_iPad = "UIInterfaceOrientationPortrait UIInterfaceOrientationPortraitUpsideDown UIInterfaceOrientationLandscapeLeft UIInterfaceOrientationLandscapeRight";
				INFOPLIST_KEY_UISupportedInterfaceOrientations_iPhone = "UIInterfaceOrientationPortrait UIInterfaceOrientationLandscapeLeft UIInterfaceOrientationLandscapeRight";
				LD_RUNPATH_SEARCH_PATHS = (
					"$(inherited)",
					"@executable_path/Frameworks",
				);
				MARKETING_VERSION = 1.0;
				PRODUCT_BUNDLE_IDENTIFIER = npappas.GHFollowers;
				PRODUCT_NAME = "$(TARGET_NAME)";
				SWIFT_EMIT_LOC_STRINGS = YES;
				SWIFT_VERSION = 5.0;
				TARGETED_DEVICE_FAMILY = 1;
			};
			name = Release;
		};
/* End XCBuildConfiguration section */

/* Begin XCConfigurationList section */
		082C863B27EBE853009B0A4A /* Build configuration list for PBXProject "GHFollowers" */ = {
			isa = XCConfigurationList;
			buildConfigurations = (
				082C865227EBE854009B0A4A /* Debug */,
				082C865327EBE854009B0A4A /* Release */,
			);
			defaultConfigurationIsVisible = 0;
			defaultConfigurationName = Release;
		};
		082C865427EBE854009B0A4A /* Build configuration list for PBXNativeTarget "GHFollowers" */ = {
			isa = XCConfigurationList;
			buildConfigurations = (
				082C865527EBE854009B0A4A /* Debug */,
				082C865627EBE854009B0A4A /* Release */,
			);
			defaultConfigurationIsVisible = 0;
			defaultConfigurationName = Release;
		};
/* End XCConfigurationList section */
	};
	rootObject = 082C863827EBE853009B0A4A /* Project object */;
}
